
Microsoft Visual Studio Solution File, Format Version 12.00
# Visual Studio 15
VisualStudioVersion = 15.0.28307.572
MinimumVisualStudioVersion = 10.0.40219.1
Project("{FAE04EC0-301F-11D3-BF4B-00C04F79EFBC}") = "GeradorTemplate", "GeradorTemplate\GeradorTemplate.csproj", "{C199EAEE-5542-4E68-AB8B-FB89D57B58B2}"
EndProject
Global
	GlobalSection(SolutionConfigurationPlatforms) = preSolution
		Debug|Any CPU = Debug|Any CPU
		Release|Any CPU = Release|Any CPU
	EndGlobalSection
	GlobalSection(ProjectConfigurationPlatforms) = postSolution
		{C199EAEE-5542-4E68-AB8B-FB89D57B58B2}.Debug|Any CPU.ActiveCfg = Debug|Any CPU
		{C199EAEE-5542-4E68-AB8B-FB89D57B58B2}.Debug|Any CPU.Build.0 = Debug|Any CPU
		{C199EAEE-5542-4E68-AB8B-FB89D57B58B2}.Release|Any CPU.ActiveCfg = Release|Any CPU
		{C199EAEE-5542-4E68-AB8B-FB89D57B58B2}.Release|Any CPU.Build.0 = Release|Any CPU
	EndGlobalSection
	GlobalSection(SolutionProperties) = preSolution
		HideSolutionNode = FALSE
	EndGlobalSection
	GlobalSection(ExtensibilityGlobals) = postSolution
		SolutionGuid = {D105B648-52DF-4C25-B4DA-ACEE3C8A456D}
	EndGlobalSection
EndGlobal
